// !$*UTF8*$!
{
	archiveVersion = 1;
	classes = {
	};
	objectVersion = 50;
	objects = {

/* Begin PBXBuildFile section */
		8A50090C254DC4F400C98A58 /* ZdajeSeApp.swift in Sources */ = {isa = PBXBuildFile; fileRef = 8A50090B254DC4F400C98A58 /* ZdajeSeApp.swift */; };
		8A500910254DC4F600C98A58 /* Assets.xcassets in Resources */ = {isa = PBXBuildFile; fileRef = 8A50090F254DC4F600C98A58 /* Assets.xcassets */; };
		8A500913254DC4F600C98A58 /* Preview Assets.xcassets in Resources */ = {isa = PBXBuildFile; fileRef = 8A500912254DC4F600C98A58 /* Preview Assets.xcassets */; };
		8A50091E254DC4F600C98A58 /* ZdajeSeTests.swift in Sources */ = {isa = PBXBuildFile; fileRef = 8A50091D254DC4F600C98A58 /* ZdajeSeTests.swift */; };
		8A500929254DC4F600C98A58 /* ZdajeSeUITests.swift in Sources */ = {isa = PBXBuildFile; fileRef = 8A500928254DC4F600C98A58 /* ZdajeSeUITests.swift */; };
		8A8DC3DE2552989600603B7E /* Agent.swift in Sources */ = {isa = PBXBuildFile; fileRef = 8A8DC3DD2552989600603B7E /* Agent.swift */; };
		8A8DC3EE2553290000603B7E /* ExamsProvidable.swift in Sources */ = {isa = PBXBuildFile; fileRef = 8A8DC3ED255328FF00603B7E /* ExamsProvidable.swift */; };
		8A8DC3F42553293800603B7E /* ExamOverview.swift in Sources */ = {isa = PBXBuildFile; fileRef = 8A8DC3F32553293800603B7E /* ExamOverview.swift */; };
		8A8DC3FC2553297700603B7E /* Exam.swift in Sources */ = {isa = PBXBuildFile; fileRef = 8A8DC3FB2553297700603B7E /* Exam.swift */; };
		8A8DC401255329A900603B7E /* Question.swift in Sources */ = {isa = PBXBuildFile; fileRef = 8A8DC400255329A900603B7E /* Question.swift */; };
		8A8DC406255329B300603B7E /* Answer.swift in Sources */ = {isa = PBXBuildFile; fileRef = 8A8DC405255329B300603B7E /* Answer.swift */; };
		8A8DC40B25532B4500603B7E /* Comment.swift in Sources */ = {isa = PBXBuildFile; fileRef = 8A8DC40A25532B4500603B7E /* Comment.swift */; };
		8A8DC414255330DF00603B7E /* Bundle+Extensions.swift in Sources */ = {isa = PBXBuildFile; fileRef = 8A8DC413255330DF00603B7E /* Bundle+Extensions.swift */; };
		8A8DC41E2553316800603B7E /* hur.json in Resources */ = {isa = PBXBuildFile; fileRef = 8A8DC41C2553316800603B7E /* hur.json */; };
		8A8DC41F2553316800603B7E /* index.json in Resources */ = {isa = PBXBuildFile; fileRef = 8A8DC41D2553316800603B7E /* index.json */; };
		8A8DC428255334A600603B7E /* ExamsView.swift in Sources */ = {isa = PBXBuildFile; fileRef = 8A8DC427255334A600603B7E /* ExamsView.swift */; };
		8A8DC42D2553356C00603B7E /* ExamsViewModel.swift in Sources */ = {isa = PBXBuildFile; fileRef = 8A8DC42C2553356C00603B7E /* ExamsViewModel.swift */; };
		8A8DC432255338DA00603B7E /* Color+Extension.swift in Sources */ = {isa = PBXBuildFile; fileRef = 8A8DC431255338DA00603B7E /* Color+Extension.swift */; };
		8A8DC4372553454D00603B7E /* QuestionView.swift in Sources */ = {isa = PBXBuildFile; fileRef = 8A8DC4362553454D00603B7E /* QuestionView.swift */; };
		8A8DC43C255349AA00603B7E /* QuestionsList.swift in Sources */ = {isa = PBXBuildFile; fileRef = 8A8DC43B255349AA00603B7E /* QuestionsList.swift */; };
		8A8DC441255349D100603B7E /* QuestionsViewModel.swift in Sources */ = {isa = PBXBuildFile; fileRef = 8A8DC440255349D100603B7E /* QuestionsViewModel.swift */; };
/* End PBXBuildFile section */

/* Begin PBXContainerItemProxy section */
		8A50091A254DC4F600C98A58 /* PBXContainerItemProxy */ = {
			isa = PBXContainerItemProxy;
			containerPortal = 8A500900254DC4F400C98A58 /* Project object */;
			proxyType = 1;
			remoteGlobalIDString = 8A500907254DC4F400C98A58;
			remoteInfo = ZdajeSe;
		};
		8A500925254DC4F600C98A58 /* PBXContainerItemProxy */ = {
			isa = PBXContainerItemProxy;
			containerPortal = 8A500900254DC4F400C98A58 /* Project object */;
			proxyType = 1;
			remoteGlobalIDString = 8A500907254DC4F400C98A58;
			remoteInfo = ZdajeSe;
		};
/* End PBXContainerItemProxy section */

/* Begin PBXFileReference section */
		8A500908254DC4F400C98A58 /* ZdajeSe.app */ = {isa = PBXFileReference; explicitFileType = wrapper.application; includeInIndex = 0; path = ZdajeSe.app; sourceTree = BUILT_PRODUCTS_DIR; };
		8A50090B254DC4F400C98A58 /* ZdajeSeApp.swift */ = {isa = PBXFileReference; lastKnownFileType = sourcecode.swift; path = ZdajeSeApp.swift; sourceTree = "<group>"; };
		8A50090F254DC4F600C98A58 /* Assets.xcassets */ = {isa = PBXFileReference; lastKnownFileType = folder.assetcatalog; path = Assets.xcassets; sourceTree = "<group>"; };
		8A500912254DC4F600C98A58 /* Preview Assets.xcassets */ = {isa = PBXFileReference; lastKnownFileType = folder.assetcatalog; path = "Preview Assets.xcassets"; sourceTree = "<group>"; };
		8A500914254DC4F600C98A58 /* Info.plist */ = {isa = PBXFileReference; lastKnownFileType = text.plist.xml; path = Info.plist; sourceTree = "<group>"; };
		8A500919254DC4F600C98A58 /* ZdajeSeTests.xctest */ = {isa = PBXFileReference; explicitFileType = wrapper.cfbundle; includeInIndex = 0; path = ZdajeSeTests.xctest; sourceTree = BUILT_PRODUCTS_DIR; };
		8A50091D254DC4F600C98A58 /* ZdajeSeTests.swift */ = {isa = PBXFileReference; lastKnownFileType = sourcecode.swift; path = ZdajeSeTests.swift; sourceTree = "<group>"; };
		8A50091F254DC4F600C98A58 /* Info.plist */ = {isa = PBXFileReference; lastKnownFileType = text.plist.xml; path = Info.plist; sourceTree = "<group>"; };
		8A500924254DC4F600C98A58 /* ZdajeSeUITests.xctest */ = {isa = PBXFileReference; explicitFileType = wrapper.cfbundle; includeInIndex = 0; path = ZdajeSeUITests.xctest; sourceTree = BUILT_PRODUCTS_DIR; };
		8A500928254DC4F600C98A58 /* ZdajeSeUITests.swift */ = {isa = PBXFileReference; lastKnownFileType = sourcecode.swift; path = ZdajeSeUITests.swift; sourceTree = "<group>"; };
		8A50092A254DC4F600C98A58 /* Info.plist */ = {isa = PBXFileReference; lastKnownFileType = text.plist.xml; path = Info.plist; sourceTree = "<group>"; };
		8A8DC3DD2552989600603B7E /* Agent.swift */ = {isa = PBXFileReference; lastKnownFileType = sourcecode.swift; path = Agent.swift; sourceTree = "<group>"; };
		8A8DC3ED255328FF00603B7E /* ExamsProvidable.swift */ = {isa = PBXFileReference; lastKnownFileType = sourcecode.swift; path = ExamsProvidable.swift; sourceTree = "<group>"; };
		8A8DC3F32553293800603B7E /* ExamOverview.swift */ = {isa = PBXFileReference; lastKnownFileType = sourcecode.swift; path = ExamOverview.swift; sourceTree = "<group>"; };
		8A8DC3FB2553297700603B7E /* Exam.swift */ = {isa = PBXFileReference; lastKnownFileType = sourcecode.swift; path = Exam.swift; sourceTree = "<group>"; };
		8A8DC400255329A900603B7E /* Question.swift */ = {isa = PBXFileReference; lastKnownFileType = sourcecode.swift; path = Question.swift; sourceTree = "<group>"; };
		8A8DC405255329B300603B7E /* Answer.swift */ = {isa = PBXFileReference; lastKnownFileType = sourcecode.swift; path = Answer.swift; sourceTree = "<group>"; };
		8A8DC40A25532B4500603B7E /* Comment.swift */ = {isa = PBXFileReference; lastKnownFileType = sourcecode.swift; path = Comment.swift; sourceTree = "<group>"; };
		8A8DC413255330DF00603B7E /* Bundle+Extensions.swift */ = {isa = PBXFileReference; lastKnownFileType = sourcecode.swift; path = "Bundle+Extensions.swift"; sourceTree = "<group>"; };
		8A8DC41C2553316800603B7E /* hur.json */ = {isa = PBXFileReference; fileEncoding = 4; lastKnownFileType = text.json; path = hur.json; sourceTree = "<group>"; };
		8A8DC41D2553316800603B7E /* index.json */ = {isa = PBXFileReference; fileEncoding = 4; lastKnownFileType = text.json; path = index.json; sourceTree = "<group>"; };
		8A8DC427255334A600603B7E /* ExamsView.swift */ = {isa = PBXFileReference; lastKnownFileType = sourcecode.swift; path = ExamsView.swift; sourceTree = "<group>"; };
		8A8DC42C2553356C00603B7E /* ExamsViewModel.swift */ = {isa = PBXFileReference; lastKnownFileType = sourcecode.swift; path = ExamsViewModel.swift; sourceTree = "<group>"; };
		8A8DC431255338DA00603B7E /* Color+Extension.swift */ = {isa = PBXFileReference; lastKnownFileType = sourcecode.swift; path = "Color+Extension.swift"; sourceTree = "<group>"; };
		8A8DC4362553454D00603B7E /* QuestionView.swift */ = {isa = PBXFileReference; lastKnownFileType = sourcecode.swift; path = QuestionView.swift; sourceTree = "<group>"; };
		8A8DC43B255349AA00603B7E /* QuestionsList.swift */ = {isa = PBXFileReference; lastKnownFileType = sourcecode.swift; path = QuestionsList.swift; sourceTree = "<group>"; };
		8A8DC440255349D100603B7E /* QuestionsViewModel.swift */ = {isa = PBXFileReference; lastKnownFileType = sourcecode.swift; path = QuestionsViewModel.swift; sourceTree = "<group>"; };
/* End PBXFileReference section */

/* Begin PBXFrameworksBuildPhase section */
		8A500905254DC4F400C98A58 /* Frameworks */ = {
			isa = PBXFrameworksBuildPhase;
			buildActionMask = 2147483647;
			files = (
			);
			runOnlyForDeploymentPostprocessing = 0;
		};
		8A500916254DC4F600C98A58 /* Frameworks */ = {
			isa = PBXFrameworksBuildPhase;
			buildActionMask = 2147483647;
			files = (
			);
			runOnlyForDeploymentPostprocessing = 0;
		};
		8A500921254DC4F600C98A58 /* Frameworks */ = {
			isa = PBXFrameworksBuildPhase;
			buildActionMask = 2147483647;
			files = (
			);
			runOnlyForDeploymentPostprocessing = 0;
		};
/* End PBXFrameworksBuildPhase section */

/* Begin PBXGroup section */
		8A5008FF254DC4F400C98A58 = {
			isa = PBXGroup;
			children = (
				8A50090A254DC4F400C98A58 /* ZdajeSe */,
				8A50091C254DC4F600C98A58 /* ZdajeSeTests */,
				8A500927254DC4F600C98A58 /* ZdajeSeUITests */,
				8A500909254DC4F400C98A58 /* Products */,
			);
			sourceTree = "<group>";
		};
		8A500909254DC4F400C98A58 /* Products */ = {
			isa = PBXGroup;
			children = (
				8A500908254DC4F400C98A58 /* ZdajeSe.app */,
				8A500919254DC4F600C98A58 /* ZdajeSeTests.xctest */,
				8A500924254DC4F600C98A58 /* ZdajeSeUITests.xctest */,
			);
			name = Products;
			sourceTree = "<group>";
		};
		8A50090A254DC4F400C98A58 /* ZdajeSe */ = {
			isa = PBXGroup;
			children = (
				8A8DC4262553349D00603B7E /* Exams */,
				8A8DC3F22553291200603B7E /* Model */,
				8A8DC3DC2552987F00603B7E /* Networking */,
				8A8DC41B2553311200603B7E /* Data */,
				8A8DC412255330D300603B7E /* Extensions */,
				8A50090B254DC4F400C98A58 /* ZdajeSeApp.swift */,
				8A50090F254DC4F600C98A58 /* Assets.xcassets */,
				8A500914254DC4F600C98A58 /* Info.plist */,
				8A500911254DC4F600C98A58 /* Preview Content */,
			);
			path = ZdajeSe;
			sourceTree = "<group>";
		};
		8A500911254DC4F600C98A58 /* Preview Content */ = {
			isa = PBXGroup;
			children = (
				8A500912254DC4F600C98A58 /* Preview Assets.xcassets */,
			);
			path = "Preview Content";
			sourceTree = "<group>";
		};
		8A50091C254DC4F600C98A58 /* ZdajeSeTests */ = {
			isa = PBXGroup;
			children = (
				8A50091D254DC4F600C98A58 /* ZdajeSeTests.swift */,
				8A50091F254DC4F600C98A58 /* Info.plist */,
			);
			path = ZdajeSeTests;
			sourceTree = "<group>";
		};
		8A500927254DC4F600C98A58 /* ZdajeSeUITests */ = {
			isa = PBXGroup;
			children = (
				8A500928254DC4F600C98A58 /* ZdajeSeUITests.swift */,
				8A50092A254DC4F600C98A58 /* Info.plist */,
			);
			path = ZdajeSeUITests;
			sourceTree = "<group>";
		};
		8A8DC3DC2552987F00603B7E /* Networking */ = {
			isa = PBXGroup;
			children = (
				8A8DC3DD2552989600603B7E /* Agent.swift */,
				8A8DC3ED255328FF00603B7E /* ExamsProvidable.swift */,
			);
			path = Networking;
			sourceTree = "<group>";
		};
		8A8DC3F22553291200603B7E /* Model */ = {
			isa = PBXGroup;
			children = (
				8A8DC3F32553293800603B7E /* ExamOverview.swift */,
				8A8DC3FB2553297700603B7E /* Exam.swift */,
				8A8DC400255329A900603B7E /* Question.swift */,
				8A8DC405255329B300603B7E /* Answer.swift */,
				8A8DC40A25532B4500603B7E /* Comment.swift */,
			);
			path = Model;
			sourceTree = "<group>";
		};
		8A8DC412255330D300603B7E /* Extensions */ = {
			isa = PBXGroup;
			children = (
				8A8DC413255330DF00603B7E /* Bundle+Extensions.swift */,
				8A8DC431255338DA00603B7E /* Color+Extension.swift */,
			);
			path = Extensions;
			sourceTree = "<group>";
		};
		8A8DC41B2553311200603B7E /* Data */ = {
			isa = PBXGroup;
			children = (
				8A8DC41C2553316800603B7E /* hur.json */,
				8A8DC41D2553316800603B7E /* index.json */,
			);
			path = Data;
			sourceTree = "<group>";
		};
		8A8DC4262553349D00603B7E /* Exams */ = {
			isa = PBXGroup;
			children = (
				8A8DC427255334A600603B7E /* ExamsView.swift */,
				8A8DC42C2553356C00603B7E /* ExamsViewModel.swift */,
				8A8DC4362553454D00603B7E /* QuestionView.swift */,
				8A8DC43B255349AA00603B7E /* QuestionsList.swift */,
				8A8DC440255349D100603B7E /* QuestionsViewModel.swift */,
			);
			path = Exams;
			sourceTree = "<group>";
		};
/* End PBXGroup section */

/* Begin PBXNativeTarget section */
		8A500907254DC4F400C98A58 /* ZdajeSe */ = {
			isa = PBXNativeTarget;
			buildConfigurationList = 8A50092D254DC4F600C98A58 /* Build configuration list for PBXNativeTarget "ZdajeSe" */;
			buildPhases = (
				8A500904254DC4F400C98A58 /* Sources */,
				8A500905254DC4F400C98A58 /* Frameworks */,
				8A500906254DC4F400C98A58 /* Resources */,
			);
			buildRules = (
			);
			dependencies = (
			);
			name = ZdajeSe;
			productName = ZdajeSe;
			productReference = 8A500908254DC4F400C98A58 /* ZdajeSe.app */;
			productType = "com.apple.product-type.application";
		};
		8A500918254DC4F600C98A58 /* ZdajeSeTests */ = {
			isa = PBXNativeTarget;
			buildConfigurationList = 8A500930254DC4F600C98A58 /* Build configuration list for PBXNativeTarget "ZdajeSeTests" */;
			buildPhases = (
				8A500915254DC4F600C98A58 /* Sources */,
				8A500916254DC4F600C98A58 /* Frameworks */,
				8A500917254DC4F600C98A58 /* Resources */,
			);
			buildRules = (
			);
			dependencies = (
				8A50091B254DC4F600C98A58 /* PBXTargetDependency */,
			);
			name = ZdajeSeTests;
			productName = ZdajeSeTests;
			productReference = 8A500919254DC4F600C98A58 /* ZdajeSeTests.xctest */;
			productType = "com.apple.product-type.bundle.unit-test";
		};
		8A500923254DC4F600C98A58 /* ZdajeSeUITests */ = {
			isa = PBXNativeTarget;
			buildConfigurationList = 8A500933254DC4F600C98A58 /* Build configuration list for PBXNativeTarget "ZdajeSeUITests" */;
			buildPhases = (
				8A500920254DC4F600C98A58 /* Sources */,
				8A500921254DC4F600C98A58 /* Frameworks */,
				8A500922254DC4F600C98A58 /* Resources */,
			);
			buildRules = (
			);
			dependencies = (
				8A500926254DC4F600C98A58 /* PBXTargetDependency */,
			);
			name = ZdajeSeUITests;
			productName = ZdajeSeUITests;
			productReference = 8A500924254DC4F600C98A58 /* ZdajeSeUITests.xctest */;
			productType = "com.apple.product-type.bundle.ui-testing";
		};
/* End PBXNativeTarget section */

/* Begin PBXProject section */
		8A500900254DC4F400C98A58 /* Project object */ = {
			isa = PBXProject;
			attributes = {
				LastSwiftUpdateCheck = 1210;
				LastUpgradeCheck = 1210;
				TargetAttributes = {
					8A500907254DC4F400C98A58 = {
						CreatedOnToolsVersion = 12.1;
					};
					8A500918254DC4F600C98A58 = {
						CreatedOnToolsVersion = 12.1;
						TestTargetID = 8A500907254DC4F400C98A58;
					};
					8A500923254DC4F600C98A58 = {
						CreatedOnToolsVersion = 12.1;
						TestTargetID = 8A500907254DC4F400C98A58;
					};
				};
			};
			buildConfigurationList = 8A500903254DC4F400C98A58 /* Build configuration list for PBXProject "ZdajeSe" */;
			compatibilityVersion = "Xcode 9.3";
			developmentRegion = en;
			hasScannedForEncodings = 0;
			knownRegions = (
				en,
				Base,
			);
			mainGroup = 8A5008FF254DC4F400C98A58;
			productRefGroup = 8A500909254DC4F400C98A58 /* Products */;
			projectDirPath = "";
			projectRoot = "";
			targets = (
				8A500907254DC4F400C98A58 /* ZdajeSe */,
				8A500918254DC4F600C98A58 /* ZdajeSeTests */,
				8A500923254DC4F600C98A58 /* ZdajeSeUITests */,
			);
		};
/* End PBXProject section */

/* Begin PBXResourcesBuildPhase section */
		8A500906254DC4F400C98A58 /* Resources */ = {
			isa = PBXResourcesBuildPhase;
			buildActionMask = 2147483647;
			files = (
				8A500913254DC4F600C98A58 /* Preview Assets.xcassets in Resources */,
				8A500910254DC4F600C98A58 /* Assets.xcassets in Resources */,
				8A8DC41F2553316800603B7E /* index.json in Resources */,
				8A8DC41E2553316800603B7E /* hur.json in Resources */,
			);
			runOnlyForDeploymentPostprocessing = 0;
		};
		8A500917254DC4F600C98A58 /* Resources */ = {
			isa = PBXResourcesBuildPhase;
			buildActionMask = 2147483647;
			files = (
			);
			runOnlyForDeploymentPostprocessing = 0;
		};
		8A500922254DC4F600C98A58 /* Resources */ = {
			isa = PBXResourcesBuildPhase;
			buildActionMask = 2147483647;
			files = (
			);
			runOnlyForDeploymentPostprocessing = 0;
		};
/* End PBXResourcesBuildPhase section */

/* Begin PBXSourcesBuildPhase section */
		8A500904254DC4F400C98A58 /* Sources */ = {
			isa = PBXSourcesBuildPhase;
			buildActionMask = 2147483647;
			files = (
				8A8DC3FC2553297700603B7E /* Exam.swift in Sources */,
				8A8DC43C255349AA00603B7E /* QuestionsList.swift in Sources */,
				8A8DC414255330DF00603B7E /* Bundle+Extensions.swift in Sources */,
				8A8DC401255329A900603B7E /* Question.swift in Sources */,
				8A8DC406255329B300603B7E /* Answer.swift in Sources */,
				8A8DC3DE2552989600603B7E /* Agent.swift in Sources */,
				8A8DC40B25532B4500603B7E /* Comment.swift in Sources */,
				8A8DC4372553454D00603B7E /* QuestionView.swift in Sources */,
				8A50090C254DC4F400C98A58 /* ZdajeSeApp.swift in Sources */,
				8A8DC432255338DA00603B7E /* Color+Extension.swift in Sources */,
				8A8DC42D2553356C00603B7E /* ExamsViewModel.swift in Sources */,
				8A8DC441255349D100603B7E /* QuestionsViewModel.swift in Sources */,
				8A8DC428255334A600603B7E /* ExamsView.swift in Sources */,
				8A8DC3EE2553290000603B7E /* ExamsProvidable.swift in Sources */,
				8A8DC3F42553293800603B7E /* ExamOverview.swift in Sources */,
			);
			runOnlyForDeploymentPostprocessing = 0;
		};
		8A500915254DC4F600C98A58 /* Sources */ = {
			isa = PBXSourcesBuildPhase;
			buildActionMask = 2147483647;
			files = (
				8A50091E254DC4F600C98A58 /* ZdajeSeTests.swift in Sources */,
			);
			runOnlyForDeploymentPostprocessing = 0;
		};
		8A500920254DC4F600C98A58 /* Sources */ = {
			isa = PBXSourcesBuildPhase;
			buildActionMask = 2147483647;
			files = (
				8A500929254DC4F600C98A58 /* ZdajeSeUITests.swift in Sources */,
			);
			runOnlyForDeploymentPostprocessing = 0;
		};
/* End PBXSourcesBuildPhase section */

/* Begin PBXTargetDependency section */
		8A50091B254DC4F600C98A58 /* PBXTargetDependency */ = {
			isa = PBXTargetDependency;
			target = 8A500907254DC4F400C98A58 /* ZdajeSe */;
			targetProxy = 8A50091A254DC4F600C98A58 /* PBXContainerItemProxy */;
		};
		8A500926254DC4F600C98A58 /* PBXTargetDependency */ = {
			isa = PBXTargetDependency;
			target = 8A500907254DC4F400C98A58 /* ZdajeSe */;
			targetProxy = 8A500925254DC4F600C98A58 /* PBXContainerItemProxy */;
		};
/* End PBXTargetDependency section */

/* Begin XCBuildConfiguration section */
		8A50092B254DC4F600C98A58 /* Debug */ = {
			isa = XCBuildConfiguration;
			buildSettings = {
				ALWAYS_SEARCH_USER_PATHS = NO;
				CLANG_ANALYZER_NONNULL = YES;
				CLANG_ANALYZER_NUMBER_OBJECT_CONVERSION = YES_AGGRESSIVE;
				CLANG_CXX_LANGUAGE_STANDARD = "gnu++14";
				CLANG_CXX_LIBRARY = "libc++";
				CLANG_ENABLE_MODULES = YES;
				CLANG_ENABLE_OBJC_ARC = YES;
				CLANG_ENABLE_OBJC_WEAK = YES;
				CLANG_WARN_BLOCK_CAPTURE_AUTORELEASING = YES;
				CLANG_WARN_BOOL_CONVERSION = YES;
				CLANG_WARN_COMMA = YES;
				CLANG_WARN_CONSTANT_CONVERSION = YES;
				CLANG_WARN_DEPRECATED_OBJC_IMPLEMENTATIONS = YES;
				CLANG_WARN_DIRECT_OBJC_ISA_USAGE = YES_ERROR;
				CLANG_WARN_DOCUMENTATION_COMMENTS = YES;
				CLANG_WARN_EMPTY_BODY = YES;
				CLANG_WARN_ENUM_CONVERSION = YES;
				CLANG_WARN_INFINITE_RECURSION = YES;
				CLANG_WARN_INT_CONVERSION = YES;
				CLANG_WARN_NON_LITERAL_NULL_CONVERSION = YES;
				CLANG_WARN_OBJC_IMPLICIT_RETAIN_SELF = YES;
				CLANG_WARN_OBJC_LITERAL_CONVERSION = YES;
				CLANG_WARN_OBJC_ROOT_CLASS = YES_ERROR;
				CLANG_WARN_QUOTED_INCLUDE_IN_FRAMEWORK_HEADER = YES;
				CLANG_WARN_RANGE_LOOP_ANALYSIS = YES;
				CLANG_WARN_STRICT_PROTOTYPES = YES;
				CLANG_WARN_SUSPICIOUS_MOVE = YES;
				CLANG_WARN_UNGUARDED_AVAILABILITY = YES_AGGRESSIVE;
				CLANG_WARN_UNREACHABLE_CODE = YES;
				CLANG_WARN__DUPLICATE_METHOD_MATCH = YES;
				COPY_PHASE_STRIP = NO;
				DEBUG_INFORMATION_FORMAT = dwarf;
				ENABLE_STRICT_OBJC_MSGSEND = YES;
				ENABLE_TESTABILITY = YES;
				GCC_C_LANGUAGE_STANDARD = gnu11;
				GCC_DYNAMIC_NO_PIC = NO;
				GCC_NO_COMMON_BLOCKS = YES;
				GCC_OPTIMIZATION_LEVEL = 0;
				GCC_PREPROCESSOR_DEFINITIONS = (
					"DEBUG=1",
					"$(inherited)",
				);
				GCC_WARN_64_TO_32_BIT_CONVERSION = YES;
				GCC_WARN_ABOUT_RETURN_TYPE = YES_ERROR;
				GCC_WARN_UNDECLARED_SELECTOR = YES;
				GCC_WARN_UNINITIALIZED_AUTOS = YES_AGGRESSIVE;
				GCC_WARN_UNUSED_FUNCTION = YES;
				GCC_WARN_UNUSED_VARIABLE = YES;
				IPHONEOS_DEPLOYMENT_TARGET = 14.1;
				MTL_ENABLE_DEBUG_INFO = INCLUDE_SOURCE;
				MTL_FAST_MATH = YES;
				ONLY_ACTIVE_ARCH = YES;
				SDKROOT = iphoneos;
				SWIFT_ACTIVE_COMPILATION_CONDITIONS = DEBUG;
				SWIFT_OPTIMIZATION_LEVEL = "-Onone";
			};
			name = Debug;
		};
		8A50092C254DC4F600C98A58 /* Release */ = {
			isa = XCBuildConfiguration;
			buildSettings = {
				ALWAYS_SEARCH_USER_PATHS = NO;
				CLANG_ANALYZER_NONNULL = YES;
				CLANG_ANALYZER_NUMBER_OBJECT_CONVERSION = YES_AGGRESSIVE;
				CLANG_CXX_LANGUAGE_STANDARD = "gnu++14";
				CLANG_CXX_LIBRARY = "libc++";
				CLANG_ENABLE_MODULES = YES;
				CLANG_ENABLE_OBJC_ARC = YES;
				CLANG_ENABLE_OBJC_WEAK = YES;
				CLANG_WARN_BLOCK_CAPTURE_AUTORELEASING = YES;
				CLANG_WARN_BOOL_CONVERSION = YES;
				CLANG_WARN_COMMA = YES;
				CLANG_WARN_CONSTANT_CONVERSION = YES;
				CLANG_WARN_DEPRECATED_OBJC_IMPLEMENTATIONS = YES;
				CLANG_WARN_DIRECT_OBJC_ISA_USAGE = YES_ERROR;
				CLANG_WARN_DOCUMENTATION_COMMENTS = YES;
				CLANG_WARN_EMPTY_BODY = YES;
				CLANG_WARN_ENUM_CONVERSION = YES;
				CLANG_WARN_INFINITE_RECURSION = YES;
				CLANG_WARN_INT_CONVERSION = YES;
				CLANG_WARN_NON_LITERAL_NULL_CONVERSION = YES;
				CLANG_WARN_OBJC_IMPLICIT_RETAIN_SELF = YES;
				CLANG_WARN_OBJC_LITERAL_CONVERSION = YES;
				CLANG_WARN_OBJC_ROOT_CLASS = YES_ERROR;
				CLANG_WARN_QUOTED_INCLUDE_IN_FRAMEWORK_HEADER = YES;
				CLANG_WARN_RANGE_LOOP_ANALYSIS = YES;
				CLANG_WARN_STRICT_PROTOTYPES = YES;
				CLANG_WARN_SUSPICIOUS_MOVE = YES;
				CLANG_WARN_UNGUARDED_AVAILABILITY = YES_AGGRESSIVE;
				CLANG_WARN_UNREACHABLE_CODE = YES;
				CLANG_WARN__DUPLICATE_METHOD_MATCH = YES;
				COPY_PHASE_STRIP = NO;
				DEBUG_INFORMATION_FORMAT = "dwarf-with-dsym";
				ENABLE_NS_ASSERTIONS = NO;
				ENABLE_STRICT_OBJC_MSGSEND = YES;
				GCC_C_LANGUAGE_STANDARD = gnu11;
				GCC_NO_COMMON_BLOCKS = YES;
				GCC_WARN_64_TO_32_BIT_CONVERSION = YES;
				GCC_WARN_ABOUT_RETURN_TYPE = YES_ERROR;
				GCC_WARN_UNDECLARED_SELECTOR = YES;
				GCC_WARN_UNINITIALIZED_AUTOS = YES_AGGRESSIVE;
				GCC_WARN_UNUSED_FUNCTION = YES;
				GCC_WARN_UNUSED_VARIABLE = YES;
				IPHONEOS_DEPLOYMENT_TARGET = 14.1;
				MTL_ENABLE_DEBUG_INFO = NO;
				MTL_FAST_MATH = YES;
				SDKROOT = iphoneos;
				SWIFT_COMPILATION_MODE = wholemodule;
				SWIFT_OPTIMIZATION_LEVEL = "-O";
				VALIDATE_PRODUCT = YES;
			};
			name = Release;
		};
		8A50092E254DC4F600C98A58 /* Debug */ = {
			isa = XCBuildConfiguration;
			buildSettings = {
				ASSETCATALOG_COMPILER_APPICON_NAME = AppIcon;
				ASSETCATALOG_COMPILER_GLOBAL_ACCENT_COLOR_NAME = AccentColor;
				CODE_SIGN_STYLE = Automatic;
				DEVELOPMENT_ASSET_PATHS = "\"ZdajeSe/Preview Content\"";
				DEVELOPMENT_TEAM = 3L3PA22CNL;
				ENABLE_PREVIEWS = YES;
				INFOPLIST_FILE = ZdajeSe/Info.plist;
				IPHONEOS_DEPLOYMENT_TARGET = 14.0;
				LD_RUNPATH_SEARCH_PATHS = (
					"$(inherited)",
					"@executable_path/Frameworks",
				);
				PRODUCT_BUNDLE_IDENTIFIER = com.offthecode.ZdajeSe;
				PRODUCT_NAME = "$(TARGET_NAME)";
				SWIFT_VERSION = 5.0;
				TARGETED_DEVICE_FAMILY = "1,2";
			};
			name = Debug;
		};
		8A50092F254DC4F600C98A58 /* Release */ = {
			isa = XCBuildConfiguration;
			buildSettings = {
				ASSETCATALOG_COMPILER_APPICON_NAME = AppIcon;
				ASSETCATALOG_COMPILER_GLOBAL_ACCENT_COLOR_NAME = AccentColor;
				CODE_SIGN_STYLE = Automatic;
				DEVELOPMENT_ASSET_PATHS = "\"ZdajeSe/Preview Content\"";
				DEVELOPMENT_TEAM = 3L3PA22CNL;
				ENABLE_PREVIEWS = YES;
				INFOPLIST_FILE = ZdajeSe/Info.plist;
				IPHONEOS_DEPLOYMENT_TARGET = 14.0;
				LD_RUNPATH_SEARCH_PATHS = (
					"$(inherited)",
					"@executable_path/Frameworks",
				);
				PRODUCT_BUNDLE_IDENTIFIER = com.offthecode.ZdajeSe;
				PRODUCT_NAME = "$(TARGET_NAME)";
				SWIFT_VERSION = 5.0;
				TARGETED_DEVICE_FAMILY = "1,2";
			};
			name = Release;
		};
		8A500931254DC4F600C98A58 /* Debug */ = {
			isa = XCBuildConfiguration;
			buildSettings = {
				ALWAYS_EMBED_SWIFT_STANDARD_LIBRARIES = YES;
				BUNDLE_LOADER = "$(TEST_HOST)";
				CODE_SIGN_STYLE = Automatic;
				DEVELOPMENT_TEAM = 3L3PA22CNL;
				INFOPLIST_FILE = ZdajeSeTests/Info.plist;
				IPHONEOS_DEPLOYMENT_TARGET = 14.0;
				LD_RUNPATH_SEARCH_PATHS = (
					"$(inherited)",
					"@executable_path/Frameworks",
					"@loader_path/Frameworks",
				);
				PRODUCT_BUNDLE_IDENTIFIER = com.offthecode.ZdajeSeTests;
				PRODUCT_NAME = "$(TARGET_NAME)";
				SWIFT_VERSION = 5.0;
				TARGETED_DEVICE_FAMILY = "1,2";
				TEST_HOST = "$(BUILT_PRODUCTS_DIR)/ZdajeSe.app/ZdajeSe";
			};
			name = Debug;
		};
		8A500932254DC4F600C98A58 /* Release */ = {
			isa = XCBuildConfiguration;
			buildSettings = {
				ALWAYS_EMBED_SWIFT_STANDARD_LIBRARIES = YES;
				BUNDLE_LOADER = "$(TEST_HOST)";
				CODE_SIGN_STYLE = Automatic;
				DEVELOPMENT_TEAM = 3L3PA22CNL;
				INFOPLIST_FILE = ZdajeSeTests/Info.plist;
				IPHONEOS_DEPLOYMENT_TARGET = 14.0;
				LD_RUNPATH_SEARCH_PATHS = (
					"$(inherited)",
					"@executable_path/Frameworks",
					"@loader_path/Frameworks",
				);
				PRODUCT_BUNDLE_IDENTIFIER = com.offthecode.ZdajeSeTests;
				PRODUCT_NAME = "$(TARGET_NAME)";
				SWIFT_VERSION = 5.0;
				TARGETED_DEVICE_FAMILY = "1,2";
				TEST_HOST = "$(BUILT_PRODUCTS_DIR)/ZdajeSe.app/ZdajeSe";
			};
			name = Release;
		};
		8A500934254DC4F600C98A58 /* Debug */ = {
			isa = XCBuildConfiguration;
			buildSettings = {
				ALWAYS_EMBED_SWIFT_STANDARD_LIBRARIES = YES;
				CODE_SIGN_STYLE = Automatic;
				DEVELOPMENT_TEAM = 3L3PA22CNL;
				INFOPLIST_FILE = ZdajeSeUITests/Info.plist;
				LD_RUNPATH_SEARCH_PATHS = (
					"$(inherited)",
					"@executable_path/Frameworks",
					"@loader_path/Frameworks",
				);
				PRODUCT_BUNDLE_IDENTIFIER = com.offthecode.ZdajeSeUITests;
				PRODUCT_NAME = "$(TARGET_NAME)";
				SWIFT_VERSION = 5.0;
				TARGETED_DEVICE_FAMILY = "1,2";
				TEST_TARGET_NAME = ZdajeSe;
			};
			name = Debug;
		};
		8A500935254DC4F600C98A58 /* Release */ = {
			isa = XCBuildConfiguration;
			buildSettings = {
				ALWAYS_EMBED_SWIFT_STANDARD_LIBRARIES = YES;
				CODE_SIGN_STYLE = Automatic;
				DEVELOPMENT_TEAM = 3L3PA22CNL;
				INFOPLIST_FILE = ZdajeSeUITests/Info.plist;
				LD_RUNPATH_SEARCH_PATHS = (
					"$(inherited)",
					"@executable_path/Frameworks",
					"@loader_path/Frameworks",
				);
				PRODUCT_BUNDLE_IDENTIFIER = com.offthecode.ZdajeSeUITests;
				PRODUCT_NAME = "$(TARGET_NAME)";
				SWIFT_VERSION = 5.0;
				TARGETED_DEVICE_FAMILY = "1,2";
				TEST_TARGET_NAME = ZdajeSe;
			};
			name = Release;
		};
/* End XCBuildConfiguration section */

/* Begin XCConfigurationList section */
		8A500903254DC4F400C98A58 /* Build configuration list for PBXProject "ZdajeSe" */ = {
			isa = XCConfigurationList;
			buildConfigurations = (
				8A50092B254DC4F600C98A58 /* Debug */,
				8A50092C254DC4F600C98A58 /* Release */,
			);
			defaultConfigurationIsVisible = 0;
			defaultConfigurationName = Release;
		};
		8A50092D254DC4F600C98A58 /* Build configuration list for PBXNativeTarget "ZdajeSe" */ = {
			isa = XCConfigurationList;
			buildConfigurations = (
				8A50092E254DC4F600C98A58 /* Debug */,
				8A50092F254DC4F600C98A58 /* Release */,
			);
			defaultConfigurationIsVisible = 0;
			defaultConfigurationName = Release;
		};
		8A500930254DC4F600C98A58 /* Build configuration list for PBXNativeTarget "ZdajeSeTests" */ = {
			isa = XCConfigurationList;
			buildConfigurations = (
				8A500931254DC4F600C98A58 /* Debug */,
				8A500932254DC4F600C98A58 /* Release */,
			);
			defaultConfigurationIsVisible = 0;
			defaultConfigurationName = Release;
		};
		8A500933254DC4F600C98A58 /* Build configuration list for PBXNativeTarget "ZdajeSeUITests" */ = {
			isa = XCConfigurationList;
			buildConfigurations = (
				8A500934254DC4F600C98A58 /* Debug */,
				8A500935254DC4F600C98A58 /* Release */,
			);
			defaultConfigurationIsVisible = 0;
			defaultConfigurationName = Release;
		};
/* End XCConfigurationList section */
	};
	rootObject = 8A500900254DC4F400C98A58 /* Project object */;
}
